
Microsoft Visual Studio Solution File, Format Version 12.00
# Visual Studio Version 16
VisualStudioVersion = 16.0.30907.101
MinimumVisualStudioVersion = 10.0.40219.1
Project("{FAE04EC0-301F-11D3-BF4B-00C04F79EFBC}") = "CodeCreator", "CodeCreator.csproj", "{65900095-31F2-422F-A76D-85DC1F09AE82}"
EndProject
Project("{FAE04EC0-301F-11D3-BF4B-00C04F79EFBC}") = "CodeCreator.Tests", "..\CodeCreator.Tests\CodeCreator.Tests.csproj", "{02511B6B-EC29-4605-99FC-DCD745476856}"
EndProject
Global
	GlobalSection(SolutionConfigurationPlatforms) = preSolution
		Debug|Any CPU = Debug|Any CPU
		Release|Any CPU = Release|Any CPU
	EndGlobalSection
	GlobalSection(ProjectConfigurationPlatforms) = postSolution
		{65900095-31F2-422F-A76D-85DC1F09AE82}.Debug|Any CPU.ActiveCfg = Debug|Any CPU
		{65900095-31F2-422F-A76D-85DC1F09AE82}.Debug|Any CPU.Build.0 = Debug|Any CPU
		{65900095-31F2-422F-A76D-85DC1F09AE82}.Release|Any CPU.ActiveCfg = Release|Any CPU
		{65900095-31F2-422F-A76D-85DC1F09AE82}.Release|Any CPU.Build.0 = Release|Any CPU
		{02511B6B-EC29-4605-99FC-DCD745476856}.Debug|Any CPU.ActiveCfg = Debug|Any CPU
		{02511B6B-EC29-4605-99FC-DCD745476856}.Debug|Any CPU.Build.0 = Debug|Any CPU
		{02511B6B-EC29-4605-99FC-DCD745476856}.Release|Any CPU.ActiveCfg = Release|Any CPU
		{02511B6B-EC29-4605-99FC-DCD745476856}.Release|Any CPU.Build.0 = Release|Any CPU
	EndGlobalSection
	GlobalSection(SolutionProperties) = preSolution
		HideSolutionNode = FALSE
	EndGlobalSection
	GlobalSection(ExtensibilityGlobals) = postSolution
		SolutionGuid = {379E5484-2630-4CC5-8D16-E08CA5A45387}
	EndGlobalSection
EndGlobal
